# THIS IS AN AUTOGENERATED FILE. DO NOT EDIT THIS FILE DIRECTLY.
# yarn lockfile v1


altai_center@^0.0.3:
  version "0.0.3"
  resolved "https://registry.yarnpkg.com/altai_center/-/altai_center-0.0.3.tgz#83c3a30aa6519e6b663bc0b2db99645f36a8da21"
  integrity sha512-X+WnrGat9HsQ+dw25ADvPLC10yE0xhLnRDbg+8e7iuLakQtLISksnb/gOnMVmqw02gIo57xk9Ul5nSt4UjX0jw==
  dependencies:
    jquery "^3.0"

altai_panel@^1.0.4:
  version "1.0.4"
  resolved "https://registry.yarnpkg.com/altai_panel/-/altai_panel-1.0.4.tgz#6341ea96bfc0edf5903fc07c119a96acbe11dd83"
  integrity sha512-6bQtOnPR3ge8LrmvvV7neJUkBdILCEHLAAM9ki8YsZa8KYlLOYTfJO4FyoEwg1UYOKkaw9VFUmBuRvu2wNIqIg==
  dependencies:
    jquery "^3.0"

altai_toggle@^1.0.20:
  version "1.0.20"
  resolved "https://registry.yarnpkg.com/altai_toggle/-/altai_toggle-1.0.20.tgz#79e524121c89837733e3fad22c3c06357b9acbfd"
  integrity sha512-Yw1PPmX4vi6OBxCIVLfd244xLI0yTX2IA5VifgkEUQ8eB0KTQgsxCgrPeL6Ebe+t/o3YDQbwS+fYKVfNzP4Xkw==
  dependencies:
    jquery "^3.0"

jquery@^3, jquery@^3.0:
  version "3.3.1"
  resolved "https://registry.yarnpkg.com/jquery/-/jquery-3.3.1.tgz#958ce29e81c9790f31be7792df5d4d95fc57fbca"
  integrity sha512-Ubldcmxp5np52/ENotGxlLe6aGMvmF4R8S6tZjsP6Knsaxd/xp3Zrh50cG93lR6nPXyUFwzN3ZSOQI0wRJNdGg==
